
Microsoft Visual Studio Solution File, Format Version 12.00
# Visual Studio Version 17
VisualStudioVersion = 17.8.34525.116
MinimumVisualStudioVersion = 10.0.40219.1
Project("{FAE04EC0-301F-11D3-BF4B-00C04F79EFBC}") = "CommandLineApp", "CommandLineApp.csproj", "{1BAA0926-65B1-4539-80C3-515AF88BD6B7}"
EndProject
Global
	GlobalSection(SolutionConfigurationPlatforms) = preSolution
		Debug|Any CPU = Debug|Any CPU
		Release|Any CPU = Release|Any CPU
	EndGlobalSection
	GlobalSection(ProjectConfigurationPlatforms) = postSolution
		{1BAA0926-65B1-4539-80C3-515AF88BD6B7}.Debug|Any CPU.ActiveCfg = Debug|Any CPU
		{1BAA0926-65B1-4539-80C3-515AF88BD6B7}.Debug|Any CPU.Build.0 = Debug|Any CPU
		{1BAA0926-65B1-4539-80C3-515AF88BD6B7}.Release|Any CPU.ActiveCfg = Release|Any CPU
		{1BAA0926-65B1-4539-80C3-515AF88BD6B7}.Release|Any CPU.Build.0 = Release|Any CPU
	EndGlobalSection
	GlobalSection(SolutionProperties) = preSolution
		HideSolutionNode = FALSE
	EndGlobalSection
	GlobalSection(ExtensibilityGlobals) = postSolution
		SolutionGuid = {8ABC3214-5F41-43CE-87FF-A7288D8A25C4}
	EndGlobalSection
EndGlobal
